
Microsoft Visual Studio Solution File, Format Version 12.00
# Visual Studio Version 16
VisualStudioVersion = 16.0.31911.196
MinimumVisualStudioVersion = 10.0.40219.1
Project("{FAE04EC0-301F-11D3-BF4B-00C04F79EFBC}") = "Lab3Fraje.Console", "Lab3Fraje.Console\Lab3Fraje.Console.csproj", "{093C2916-2AF1-4286-A624-5E77DC97992F}"
EndProject
Project("{FAE04EC0-301F-11D3-BF4B-00C04F79EFBC}") = "Lab3Fraje.Business", "Lab3Fraje.Business\Lab3Fraje.Business.csproj", "{C82D8CC3-FC77-4282-BCEC-EBDFCC200F5C}"
EndProject
Global
	GlobalSection(SolutionConfigurationPlatforms) = preSolution
		Debug|Any CPU = Debug|Any CPU
		Release|Any CPU = Release|Any CPU
	EndGlobalSection
	GlobalSection(ProjectConfigurationPlatforms) = postSolution
		{093C2916-2AF1-4286-A624-5E77DC97992F}.Debug|Any CPU.ActiveCfg = Debug|Any CPU
		{093C2916-2AF1-4286-A624-5E77DC97992F}.Debug|Any CPU.Build.0 = Debug|Any CPU
		{093C2916-2AF1-4286-A624-5E77DC97992F}.Release|Any CPU.ActiveCfg = Release|Any CPU
		{093C2916-2AF1-4286-A624-5E77DC97992F}.Release|Any CPU.Build.0 = Release|Any CPU
		{C82D8CC3-FC77-4282-BCEC-EBDFCC200F5C}.Debug|Any CPU.ActiveCfg = Debug|Any CPU
		{C82D8CC3-FC77-4282-BCEC-EBDFCC200F5C}.Debug|Any CPU.Build.0 = Debug|Any CPU
		{C82D8CC3-FC77-4282-BCEC-EBDFCC200F5C}.Release|Any CPU.ActiveCfg = Release|Any CPU
		{C82D8CC3-FC77-4282-BCEC-EBDFCC200F5C}.Release|Any CPU.Build.0 = Release|Any CPU
	EndGlobalSection
	GlobalSection(SolutionProperties) = preSolution
		HideSolutionNode = FALSE
	EndGlobalSection
	GlobalSection(ExtensibilityGlobals) = postSolution
		SolutionGuid = {37FCC087-15C0-4E7A-BFE2-EA89F3A31354}
	EndGlobalSection
EndGlobal
